// !$*UTF8*$!
{
	archiveVersion = 1;
	classes = {
	};
	objectVersion = 46;
	objects = {

/* Begin PBXBuildFile section */
		01930D811E72D2DC0003B758 /* AppDelegate.swift in Sources */ = {isa = PBXBuildFile; fileRef = 01930D801E72D2DC0003B758 /* AppDelegate.swift */; };
		01930D831E72D2DC0003B758 /* ViewController.swift in Sources */ = {isa = PBXBuildFile; fileRef = 01930D821E72D2DC0003B758 /* ViewController.swift */; };
		01930D861E72D2DC0003B758 /* Main.storyboard in Resources */ = {isa = PBXBuildFile; fileRef = 01930D841E72D2DC0003B758 /* Main.storyboard */; };
		01930D881E72D2DC0003B758 /* Assets.xcassets in Resources */ = {isa = PBXBuildFile; fileRef = 01930D871E72D2DC0003B758 /* Assets.xcassets */; };
		01930D8B1E72D2DC0003B758 /* LaunchScreen.storyboard in Resources */ = {isa = PBXBuildFile; fileRef = 01930D891E72D2DC0003B758 /* LaunchScreen.storyboard */; };
		01C18DA61EF29B6500B1892E /* CalculatorBrain.swift in Sources */ = {isa = PBXBuildFile; fileRef = 01C18DA51EF29B6500B1892E /* CalculatorBrain.swift */; };
/* End PBXBuildFile section */

/* Begin PBXFileReference section */
		01930D7D1E72D2DC0003B758 /* Calculator.app */ = {isa = PBXFileReference; explicitFileType = wrapper.application; includeInIndex = 0; path = Calculator.app; sourceTree = BUILT_PRODUCTS_DIR; };
		01930D801E72D2DC0003B758 /* AppDelegate.swift */ = {isa = PBXFileReference; lastKnownFileType = sourcecode.swift; path = AppDelegate.swift; sourceTree = "<group>"; };
		01930D821E72D2DC0003B758 /* ViewController.swift */ = {isa = PBXFileReference; lastKnownFileType = sourcecode.swift; path = ViewController.swift; sourceTree = "<group>"; };
		01930D851E72D2DC0003B758 /* Base */ = {isa = PBXFileReference; lastKnownFileType = file.storyboard; name = Base; path = Base.lproj/Main.storyboard; sourceTree = "<group>"; };
		01930D871E72D2DC0003B758 /* Assets.xcassets */ = {isa = PBXFileReference; lastKnownFileType = folder.assetcatalog; path = Assets.xcassets; sourceTree = "<group>"; };
		01930D8A1E72D2DC0003B758 /* Base */ = {isa = PBXFileReference; lastKnownFileType = file.storyboard; name = Base; path = Base.lproj/LaunchScreen.storyboard; sourceTree = "<group>"; };
		01930D8C1E72D2DC0003B758 /* Info.plist */ = {isa = PBXFileReference; lastKnownFileType = text.plist.xml; path = Info.plist; sourceTree = "<group>"; };
		01C18DA51EF29B6500B1892E /* CalculatorBrain.swift */ = {isa = PBXFileReference; fileEncoding = 4; lastKnownFileType = sourcecode.swift; path = CalculatorBrain.swift; sourceTree = "<group>"; };
/* End PBXFileReference section */

/* Begin PBXFrameworksBuildPhase section */
		01930D7A1E72D2DC0003B758 /* Frameworks */ = {
			isa = PBXFrameworksBuildPhase;
			buildActionMask = 2147483647;
			files = (
			);
			runOnlyForDeploymentPostprocessing = 0;
		};
/* End PBXFrameworksBuildPhase section */

/* Begin PBXGroup section */
		01930D741E72D2DC0003B758 = {
			isa = PBXGroup;
			children = (
				01930D7F1E72D2DC0003B758 /* Calculator */,
				01930D921E72D2F00003B758 /* Supporting files */,
				01930D7E1E72D2DC0003B758 /* Products */,
			);
			sourceTree = "<group>";
		};
		01930D7E1E72D2DC0003B758 /* Products */ = {
			isa = PBXGroup;
			children = (
				01930D7D1E72D2DC0003B758 /* Calculator.app */,
			);
			name = Products;
			sourceTree = "<group>";
		};
		01930D7F1E72D2DC0003B758 /* Calculator */ = {
			isa = PBXGroup;
			children = (
				01C18DA51EF29B6500B1892E /* CalculatorBrain.swift */,
				01930D821E72D2DC0003B758 /* ViewController.swift */,
				01930D841E72D2DC0003B758 /* Main.storyboard */,
			);
			path = Calculator;
			sourceTree = "<group>";
		};
		01930D921E72D2F00003B758 /* Supporting files */ = {
			isa = PBXGroup;
			children = (
				01930D801E72D2DC0003B758 /* AppDelegate.swift */,
				01930D871E72D2DC0003B758 /* Assets.xcassets */,
				01930D891E72D2DC0003B758 /* LaunchScreen.storyboard */,
				01930D8C1E72D2DC0003B758 /* Info.plist */,
			);
			name = "Supporting files";
			path = Calculator;
			sourceTree = "<group>";
		};
/* End PBXGroup section */

/* Begin PBXNativeTarget section */
		01930D7C1E72D2DC0003B758 /* Calculator */ = {
			isa = PBXNativeTarget;
			buildConfigurationList = 01930D8F1E72D2DC0003B758 /* Build configuration list for PBXNativeTarget "Calculator" */;
			buildPhases = (
				01930D791E72D2DC0003B758 /* Sources */,
				01930D7A1E72D2DC0003B758 /* Frameworks */,
				01930D7B1E72D2DC0003B758 /* Resources */,
			);
			buildRules = (
			);
			dependencies = (
			);
			name = Calculator;
			productName = Calculator;
			productReference = 01930D7D1E72D2DC0003B758 /* Calculator.app */;
			productType = "com.apple.product-type.application";
		};
/* End PBXNativeTarget section */

/* Begin PBXProject section */
		01930D751E72D2DC0003B758 /* Project object */ = {
			isa = PBXProject;
			attributes = {
				LastSwiftUpdateCheck = 0820;
				LastUpgradeCheck = 0820;
				ORGANIZATIONNAME = "Disruptvioletta LLC";
				TargetAttributes = {
					01930D7C1E72D2DC0003B758 = {
						CreatedOnToolsVersion = 8.2.1;
						DevelopmentTeam = 787K6E59T6;
						ProvisioningStyle = Automatic;
					};
				};
			};
			buildConfigurationList = 01930D781E72D2DC0003B758 /* Build configuration list for PBXProject "Calculator" */;
			compatibilityVersion = "Xcode 3.2";
			developmentRegion = English;
			hasScannedForEncodings = 0;
			knownRegions = (
				en,
				Base,
			);
			mainGroup = 01930D741E72D2DC0003B758;
			productRefGroup = 01930D7E1E72D2DC0003B758 /* Products */;
			projectDirPath = "";
			projectRoot = "";
			targets = (
				01930D7C1E72D2DC0003B758 /* Calculator */,
			);
		};
/* End PBXProject section */

/* Begin PBXResourcesBuildPhase section */
		01930D7B1E72D2DC0003B758 /* Resources */ = {
			isa = PBXResourcesBuildPhase;
			buildActionMask = 2147483647;
			files = (
				01930D8B1E72D2DC0003B758 /* LaunchScreen.storyboard in Resources */,
				01930D881E72D2DC0003B758 /* Assets.xcassets in Resources */,
				01930D861E72D2DC0003B758 /* Main.storyboard in Resources */,
			);
			runOnlyForDeploymentPostprocessing = 0;
		};
/* End PBXResourcesBuildPhase section */

/* Begin PBXSourcesBuildPhase section */
		01930D791E72D2DC0003B758 /* Sources */ = {
			isa = PBXSourcesBuildPhase;
			buildActionMask = 2147483647;
			files = (
				01930D831E72D2DC0003B758 /* ViewController.swift in Sources */,
				01C18DA61EF29B6500B1892E /* CalculatorBrain.swift in Sources */,
				01930D811E72D2DC0003B758 /* AppDelegate.swift in Sources */,
			);
			runOnlyForDeploymentPostprocessing = 0;
		};
/* End PBXSourcesBuildPhase section */

/* Begin PBXVariantGroup section */
		01930D841E72D2DC0003B758 /* Main.storyboard */ = {
			isa = PBXVariantGroup;
			children = (
				01930D851E72D2DC0003B758 /* Base */,
			);
			name = Main.storyboard;
			sourceTree = "<group>";
		};
		01930D891E72D2DC0003B758 /* LaunchScreen.storyboard */ = {
			isa = PBXVariantGroup;
			children = (
				01930D8A1E72D2DC0003B758 /* Base */,
			);
			name = LaunchScreen.storyboard;
			sourceTree = "<group>";
		};
/* End PBXVariantGroup section */

/* Begin XCBuildConfiguration section */
		01930D8D1E72D2DC0003B758 /* Debug */ = {
			isa = XCBuildConfiguration;
			buildSettings = {
				ALWAYS_SEARCH_USER_PATHS = NO;
				CLANG_ANALYZER_NONNULL = YES;
				CLANG_CXX_LANGUAGE_STANDARD = "gnu++0x";
				CLANG_CXX_LIBRARY = "libc++";
				CLANG_ENABLE_MODULES = YES;
				CLANG_ENABLE_OBJC_ARC = YES;
				CLANG_WARN_BOOL_CONVERSION = YES;
				CLANG_WARN_CONSTANT_CONVERSION = YES;
				CLANG_WARN_DIRECT_OBJC_ISA_USAGE = YES_ERROR;
				CLANG_WARN_DOCUMENTATION_COMMENTS = YES;
				CLANG_WARN_EMPTY_BODY = YES;
				CLANG_WARN_ENUM_CONVERSION = YES;
				CLANG_WARN_INFINITE_RECURSION = YES;
				CLANG_WARN_INT_CONVERSION = YES;
				CLANG_WARN_OBJC_ROOT_CLASS = YES_ERROR;
				CLANG_WARN_SUSPICIOUS_MOVE = YES;
				CLANG_WARN_UNREACHABLE_CODE = YES;
				CLANG_WARN__DUPLICATE_METHOD_MATCH = YES;
				"CODE_SIGN_IDENTITY[sdk=iphoneos*]" = "iPhone Developer";
				COPY_PHASE_STRIP = NO;
				DEBUG_INFORMATION_FORMAT = dwarf;
				ENABLE_STRICT_OBJC_MSGSEND = YES;
				ENABLE_TESTABILITY = YES;
				GCC_C_LANGUAGE_STANDARD = gnu99;
				GCC_DYNAMIC_NO_PIC = NO;
				GCC_NO_COMMON_BLOCKS = YES;
				GCC_OPTIMIZATION_LEVEL = 0;
				GCC_PREPROCESSOR_DEFINITIONS = (
					"DEBUG=1",
					"$(inherited)",
				);
				GCC_WARN_64_TO_32_BIT_CONVERSION = YES;
				GCC_WARN_ABOUT_RETURN_TYPE = YES_ERROR;
				GCC_WARN_UNDECLARED_SELECTOR = YES;
				GCC_WARN_UNINITIALIZED_AUTOS = YES_AGGRESSIVE;
				GCC_WARN_UNUSED_FUNCTION = YES;
				GCC_WARN_UNUSED_VARIABLE = YES;
				IPHONEOS_DEPLOYMENT_TARGET = 10.2;
				MTL_ENABLE_DEBUG_INFO = YES;
				ONLY_ACTIVE_ARCH = YES;
				SDKROOT = iphoneos;
				SWIFT_ACTIVE_COMPILATION_CONDITIONS = DEBUG;
				SWIFT_OPTIMIZATION_LEVEL = "-Onone";
				TARGETED_DEVICE_FAMILY = "1,2";
			};
			name = Debug;
		};
		01930D8E1E72D2DC0003B758 /* Release */ = {
			isa = XCBuildConfiguration;
			buildSettings = {
				ALWAYS_SEARCH_USER_PATHS = NO;
				CLANG_ANALYZER_NONNULL = YES;
				CLANG_CXX_LANGUAGE_STANDARD = "gnu++0x";
				CLANG_CXX_LIBRARY = "libc++";
				CLANG_ENABLE_MODULES = YES;
				CLANG_ENABLE_OBJC_ARC = YES;
				CLANG_WARN_BOOL_CONVERSION = YES;
				CLANG_WARN_CONSTANT_CONVERSION = YES;
				CLANG_WARN_DIRECT_OBJC_ISA_USAGE = YES_ERROR;
				CLANG_WARN_DOCUMENTATION_COMMENTS = YES;
				CLANG_WARN_EMPTY_BODY = YES;
				CLANG_WARN_ENUM_CONVERSION = YES;
				CLANG_WARN_INFINITE_RECURSION = YES;
				CLANG_WARN_INT_CONVERSION = YES;
				CLANG_WARN_OBJC_ROOT_CLASS = YES_ERROR;
				CLANG_WARN_SUSPICIOUS_MOVE = YES;
				CLANG_WARN_UNREACHABLE_CODE = YES;
				CLANG_WARN__DUPLICATE_METHOD_MATCH = YES;
				"CODE_SIGN_IDENTITY[sdk=iphoneos*]" = "iPhone Developer";
				COPY_PHASE_STRIP = NO;
				DEBUG_INFORMATION_FORMAT = "dwarf-with-dsym";
				ENABLE_NS_ASSERTIONS = NO;
				ENABLE_STRICT_OBJC_MSGSEND = YES;
				GCC_C_LANGUAGE_STANDARD = gnu99;
				GCC_NO_COMMON_BLOCKS = YES;
				GCC_WARN_64_TO_32_BIT_CONVERSION = YES;
				GCC_WARN_ABOUT_RETURN_TYPE = YES_ERROR;
				GCC_WARN_UNDECLARED_SELECTOR = YES;
				GCC_WARN_UNINITIALIZED_AUTOS = YES_AGGRESSIVE;
				GCC_WARN_UNUSED_FUNCTION = YES;
				GCC_WARN_UNUSED_VARIABLE = YES;
				IPHONEOS_DEPLOYMENT_TARGET = 10.2;
				MTL_ENABLE_DEBUG_INFO = NO;
				SDKROOT = iphoneos;
				SWIFT_OPTIMIZATION_LEVEL = "-Owholemodule";
				TARGETED_DEVICE_FAMILY = "1,2";
				VALIDATE_PRODUCT = YES;
			};
			name = Release;
		};
		01930D901E72D2DC0003B758 /* Debug */ = {
			isa = XCBuildConfiguration;
			buildSettings = {
				ASSETCATALOG_COMPILER_APPICON_NAME = AppIcon;
				DEVELOPMENT_TEAM = 787K6E59T6;
				INFOPLIST_FILE = Calculator/Info.plist;
				LD_RUNPATH_SEARCH_PATHS = "$(inherited) @executable_path/Frameworks";
				PRODUCT_BUNDLE_IDENTIFIER = "-2253.Calculator";
				PRODUCT_NAME = "$(TARGET_NAME)";
				SWIFT_VERSION = 3.0;
			};
			name = Debug;
		};
		01930D911E72D2DC0003B758 /* Release */ = {
			isa = XCBuildConfiguration;
			buildSettings = {
				ASSETCATALOG_COMPILER_APPICON_NAME = AppIcon;
				DEVELOPMENT_TEAM = 787K6E59T6;
				INFOPLIST_FILE = Calculator/Info.plist;
				LD_RUNPATH_SEARCH_PATHS = "$(inherited) @executable_path/Frameworks";
				PRODUCT_BUNDLE_IDENTIFIER = "-2253.Calculator";
				PRODUCT_NAME = "$(TARGET_NAME)";
				SWIFT_VERSION = 3.0;
			};
			name = Release;
		};
/* End XCBuildConfiguration section */

/* Begin XCConfigurationList section */
		01930D781E72D2DC0003B758 /* Build configuration list for PBXProject "Calculator" */ = {
			isa = XCConfigurationList;
			buildConfigurations = (
				01930D8D1E72D2DC0003B758 /* Debug */,
				01930D8E1E72D2DC0003B758 /* Release */,
			);
			defaultConfigurationIsVisible = 0;
			defaultConfigurationName = Release;
		};
		01930D8F1E72D2DC0003B758 /* Build configuration list for PBXNativeTarget "Calculator" */ = {
			isa = XCConfigurationList;
			buildConfigurations = (
				01930D901E72D2DC0003B758 /* Debug */,
				01930D911E72D2DC0003B758 /* Release */,
			);
			defaultConfigurationIsVisible = 0;
			defaultConfigurationName = Release;
		};
/* End XCConfigurationList section */
	};
	rootObject = 01930D751E72D2DC0003B758 /* Project object */;
}
